// !$*UTF8*$!
{
	archiveVersion = 1;
	classes = {
	};
	objectVersion = 46;
	objects = {

/* Begin PBXBuildFile section */
		AC9D28D51E36A2C5002C30A2 /* AppDelegate.swift in Sources */ = {isa = PBXBuildFile; fileRef = AC9D28D41E36A2C5002C30A2 /* AppDelegate.swift */; };
		AC9D28D71E36A2C5002C30A2 /* ViewController.swift in Sources */ = {isa = PBXBuildFile; fileRef = AC9D28D61E36A2C5002C30A2 /* ViewController.swift */; };
		AC9D28DA1E36A2C5002C30A2 /* Main.storyboard in Resources */ = {isa = PBXBuildFile; fileRef = AC9D28D81E36A2C5002C30A2 /* Main.storyboard */; };
		AC9D28DC1E36A2C5002C30A2 /* Assets.xcassets in Resources */ = {isa = PBXBuildFile; fileRef = AC9D28DB1E36A2C5002C30A2 /* Assets.xcassets */; };
		AC9D28DF1E36A2C5002C30A2 /* LaunchScreen.storyboard in Resources */ = {isa = PBXBuildFile; fileRef = AC9D28DD1E36A2C5002C30A2 /* LaunchScreen.storyboard */; };
		AC9D28EA1E36A2C5002C30A2 /* tanx_a1Tests.swift in Sources */ = {isa = PBXBuildFile; fileRef = AC9D28E91E36A2C5002C30A2 /* tanx_a1Tests.swift */; };
		AC9D28F51E36A2C5002C30A2 /* tanx_a1UITests.swift in Sources */ = {isa = PBXBuildFile; fileRef = AC9D28F41E36A2C5002C30A2 /* tanx_a1UITests.swift */; };
		AC9D29031E36AF6E002C30A2 /* images in Resources */ = {isa = PBXBuildFile; fileRef = AC9D29021E36AF6E002C30A2 /* images */; };
/* End PBXBuildFile section */

/* Begin PBXContainerItemProxy section */
		AC9D28E61E36A2C5002C30A2 /* PBXContainerItemProxy */ = {
			isa = PBXContainerItemProxy;
			containerPortal = AC9D28C91E36A2C5002C30A2 /* Project object */;
			proxyType = 1;
			remoteGlobalIDString = AC9D28D01E36A2C5002C30A2;
			remoteInfo = tanx_a1;
		};
		AC9D28F11E36A2C5002C30A2 /* PBXContainerItemProxy */ = {
			isa = PBXContainerItemProxy;
			containerPortal = AC9D28C91E36A2C5002C30A2 /* Project object */;
			proxyType = 1;
			remoteGlobalIDString = AC9D28D01E36A2C5002C30A2;
			remoteInfo = tanx_a1;
		};
/* End PBXContainerItemProxy section */

/* Begin PBXFileReference section */
		AC9D28D11E36A2C5002C30A2 /* tanx_a1.app */ = {isa = PBXFileReference; explicitFileType = wrapper.application; includeInIndex = 0; path = tanx_a1.app; sourceTree = BUILT_PRODUCTS_DIR; };
		AC9D28D41E36A2C5002C30A2 /* AppDelegate.swift */ = {isa = PBXFileReference; lastKnownFileType = sourcecode.swift; path = AppDelegate.swift; sourceTree = "<group>"; };
		AC9D28D61E36A2C5002C30A2 /* ViewController.swift */ = {isa = PBXFileReference; lastKnownFileType = sourcecode.swift; path = ViewController.swift; sourceTree = "<group>"; };
		AC9D28D91E36A2C5002C30A2 /* Base */ = {isa = PBXFileReference; lastKnownFileType = file.storyboard; name = Base; path = Base.lproj/Main.storyboard; sourceTree = "<group>"; };
		AC9D28DB1E36A2C5002C30A2 /* Assets.xcassets */ = {isa = PBXFileReference; lastKnownFileType = folder.assetcatalog; path = Assets.xcassets; sourceTree = "<group>"; };
		AC9D28DE1E36A2C5002C30A2 /* Base */ = {isa = PBXFileReference; lastKnownFileType = file.storyboard; name = Base; path = Base.lproj/LaunchScreen.storyboard; sourceTree = "<group>"; };
		AC9D28E01E36A2C5002C30A2 /* Info.plist */ = {isa = PBXFileReference; lastKnownFileType = text.plist.xml; path = Info.plist; sourceTree = "<group>"; };
		AC9D28E51E36A2C5002C30A2 /* tanx_a1Tests.xctest */ = {isa = PBXFileReference; explicitFileType = wrapper.cfbundle; includeInIndex = 0; path = tanx_a1Tests.xctest; sourceTree = BUILT_PRODUCTS_DIR; };
		AC9D28E91E36A2C5002C30A2 /* tanx_a1Tests.swift */ = {isa = PBXFileReference; lastKnownFileType = sourcecode.swift; path = tanx_a1Tests.swift; sourceTree = "<group>"; };
		AC9D28EB1E36A2C5002C30A2 /* Info.plist */ = {isa = PBXFileReference; lastKnownFileType = text.plist.xml; path = Info.plist; sourceTree = "<group>"; };
		AC9D28F01E36A2C5002C30A2 /* tanx_a1UITests.xctest */ = {isa = PBXFileReference; explicitFileType = wrapper.cfbundle; includeInIndex = 0; path = tanx_a1UITests.xctest; sourceTree = BUILT_PRODUCTS_DIR; };
		AC9D28F41E36A2C5002C30A2 /* tanx_a1UITests.swift */ = {isa = PBXFileReference; lastKnownFileType = sourcecode.swift; path = tanx_a1UITests.swift; sourceTree = "<group>"; };
		AC9D28F61E36A2C5002C30A2 /* Info.plist */ = {isa = PBXFileReference; lastKnownFileType = text.plist.xml; path = Info.plist; sourceTree = "<group>"; };
		AC9D29021E36AF6E002C30A2 /* images */ = {isa = PBXFileReference; lastKnownFileType = folder; path = images; sourceTree = "<group>"; };
/* End PBXFileReference section */

/* Begin PBXFrameworksBuildPhase section */
		AC9D28CE1E36A2C5002C30A2 /* Frameworks */ = {
			isa = PBXFrameworksBuildPhase;
			buildActionMask = 2147483647;
			files = (
			);
			runOnlyForDeploymentPostprocessing = 0;
		};
		AC9D28E21E36A2C5002C30A2 /* Frameworks */ = {
			isa = PBXFrameworksBuildPhase;
			buildActionMask = 2147483647;
			files = (
			);
			runOnlyForDeploymentPostprocessing = 0;
		};
		AC9D28ED1E36A2C5002C30A2 /* Frameworks */ = {
			isa = PBXFrameworksBuildPhase;
			buildActionMask = 2147483647;
			files = (
			);
			runOnlyForDeploymentPostprocessing = 0;
		};
/* End PBXFrameworksBuildPhase section */

/* Begin PBXGroup section */
		AC9D28C81E36A2C5002C30A2 = {
			isa = PBXGroup;
			children = (
				AC9D28D31E36A2C5002C30A2 /* tanx_a1 */,
				AC9D28E81E36A2C5002C30A2 /* tanx_a1Tests */,
				AC9D28F31E36A2C5002C30A2 /* tanx_a1UITests */,
				AC9D28D21E36A2C5002C30A2 /* Products */,
			);
			sourceTree = "<group>";
		};
		AC9D28D21E36A2C5002C30A2 /* Products */ = {
			isa = PBXGroup;
			children = (
				AC9D28D11E36A2C5002C30A2 /* tanx_a1.app */,
				AC9D28E51E36A2C5002C30A2 /* tanx_a1Tests.xctest */,
				AC9D28F01E36A2C5002C30A2 /* tanx_a1UITests.xctest */,
			);
			name = Products;
			sourceTree = "<group>";
		};
		AC9D28D31E36A2C5002C30A2 /* tanx_a1 */ = {
			isa = PBXGroup;
			children = (
				AC9D28D41E36A2C5002C30A2 /* AppDelegate.swift */,
				AC9D28D61E36A2C5002C30A2 /* ViewController.swift */,
				AC9D28D81E36A2C5002C30A2 /* Main.storyboard */,
				AC9D28DB1E36A2C5002C30A2 /* Assets.xcassets */,
				AC9D29021E36AF6E002C30A2 /* images */,
				AC9D28DD1E36A2C5002C30A2 /* LaunchScreen.storyboard */,
				AC9D28E01E36A2C5002C30A2 /* Info.plist */,
			);
			path = tanx_a1;
			sourceTree = "<group>";
		};
		AC9D28E81E36A2C5002C30A2 /* tanx_a1Tests */ = {
			isa = PBXGroup;
			children = (
				AC9D28E91E36A2C5002C30A2 /* tanx_a1Tests.swift */,
				AC9D28EB1E36A2C5002C30A2 /* Info.plist */,
			);
			path = tanx_a1Tests;
			sourceTree = "<group>";
		};
		AC9D28F31E36A2C5002C30A2 /* tanx_a1UITests */ = {
			isa = PBXGroup;
			children = (
				AC9D28F41E36A2C5002C30A2 /* tanx_a1UITests.swift */,
				AC9D28F61E36A2C5002C30A2 /* Info.plist */,
			);
			path = tanx_a1UITests;
			sourceTree = "<group>";
		};
/* End PBXGroup section */

/* Begin PBXNativeTarget section */
		AC9D28D01E36A2C5002C30A2 /* tanx_a1 */ = {
			isa = PBXNativeTarget;
			buildConfigurationList = AC9D28F91E36A2C5002C30A2 /* Build configuration list for PBXNativeTarget "tanx_a1" */;
			buildPhases = (
				AC9D28CD1E36A2C5002C30A2 /* Sources */,
				AC9D28CE1E36A2C5002C30A2 /* Frameworks */,
				AC9D28CF1E36A2C5002C30A2 /* Resources */,
			);
			buildRules = (
			);
			dependencies = (
			);
			name = tanx_a1;
			productName = tanx_a1;
			productReference = AC9D28D11E36A2C5002C30A2 /* tanx_a1.app */;
			productType = "com.apple.product-type.application";
		};
		AC9D28E41E36A2C5002C30A2 /* tanx_a1Tests */ = {
			isa = PBXNativeTarget;
			buildConfigurationList = AC9D28FC1E36A2C5002C30A2 /* Build configuration list for PBXNativeTarget "tanx_a1Tests" */;
			buildPhases = (
				AC9D28E11E36A2C5002C30A2 /* Sources */,
				AC9D28E21E36A2C5002C30A2 /* Frameworks */,
				AC9D28E31E36A2C5002C30A2 /* Resources */,
			);
			buildRules = (
			);
			dependencies = (
				AC9D28E71E36A2C5002C30A2 /* PBXTargetDependency */,
			);
			name = tanx_a1Tests;
			productName = tanx_a1Tests;
			productReference = AC9D28E51E36A2C5002C30A2 /* tanx_a1Tests.xctest */;
			productType = "com.apple.product-type.bundle.unit-test";
		};
		AC9D28EF1E36A2C5002C30A2 /* tanx_a1UITests */ = {
			isa = PBXNativeTarget;
			buildConfigurationList = AC9D28FF1E36A2C5002C30A2 /* Build configuration list for PBXNativeTarget "tanx_a1UITests" */;
			buildPhases = (
				AC9D28EC1E36A2C5002C30A2 /* Sources */,
				AC9D28ED1E36A2C5002C30A2 /* Frameworks */,
				AC9D28EE1E36A2C5002C30A2 /* Resources */,
			);
			buildRules = (
			);
			dependencies = (
				AC9D28F21E36A2C5002C30A2 /* PBXTargetDependency */,
			);
			name = tanx_a1UITests;
			productName = tanx_a1UITests;
			productReference = AC9D28F01E36A2C5002C30A2 /* tanx_a1UITests.xctest */;
			productType = "com.apple.product-type.bundle.ui-testing";
		};
/* End PBXNativeTarget section */

/* Begin PBXProject section */
		AC9D28C91E36A2C5002C30A2 /* Project object */ = {
			isa = PBXProject;
			attributes = {
				LastSwiftUpdateCheck = 0720;
				LastUpgradeCheck = 0720;
				ORGANIZATIONNAME = wlu;
				TargetAttributes = {
					AC9D28D01E36A2C5002C30A2 = {
						CreatedOnToolsVersion = 7.2;
					};
					AC9D28E41E36A2C5002C30A2 = {
						CreatedOnToolsVersion = 7.2;
						TestTargetID = AC9D28D01E36A2C5002C30A2;
					};
					AC9D28EF1E36A2C5002C30A2 = {
						CreatedOnToolsVersion = 7.2;
						TestTargetID = AC9D28D01E36A2C5002C30A2;
					};
				};
			};
			buildConfigurationList = AC9D28CC1E36A2C5002C30A2 /* Build configuration list for PBXProject "tanx_a1" */;
			compatibilityVersion = "Xcode 3.2";
			developmentRegion = English;
			hasScannedForEncodings = 0;
			knownRegions = (
				en,
				Base,
			);
			mainGroup = AC9D28C81E36A2C5002C30A2;
			productRefGroup = AC9D28D21E36A2C5002C30A2 /* Products */;
			projectDirPath = "";
			projectRoot = "";
			targets = (
				AC9D28D01E36A2C5002C30A2 /* tanx_a1 */,
				AC9D28E41E36A2C5002C30A2 /* tanx_a1Tests */,
				AC9D28EF1E36A2C5002C30A2 /* tanx_a1UITests */,
			);
		};
/* End PBXProject section */

/* Begin PBXResourcesBuildPhase section */
		AC9D28CF1E36A2C5002C30A2 /* Resources */ = {
			isa = PBXResourcesBuildPhase;
			buildActionMask = 2147483647;
			files = (
				AC9D29031E36AF6E002C30A2 /* images in Resources */,
				AC9D28DF1E36A2C5002C30A2 /* LaunchScreen.storyboard in Resources */,
				AC9D28DC1E36A2C5002C30A2 /* Assets.xcassets in Resources */,
				AC9D28DA1E36A2C5002C30A2 /* Main.storyboard in Resources */,
			);
			runOnlyForDeploymentPostprocessing = 0;
		};
		AC9D28E31E36A2C5002C30A2 /* Resources */ = {
			isa = PBXResourcesBuildPhase;
			buildActionMask = 2147483647;
			files = (
			);
			runOnlyForDeploymentPostprocessing = 0;
		};
		AC9D28EE1E36A2C5002C30A2 /* Resources */ = {
			isa = PBXResourcesBuildPhase;
			buildActionMask = 2147483647;
			files = (
			);
			runOnlyForDeploymentPostprocessing = 0;
		};
/* End PBXResourcesBuildPhase section */

/* Begin PBXSourcesBuildPhase section */
		AC9D28CD1E36A2C5002C30A2 /* Sources */ = {
			isa = PBXSourcesBuildPhase;
			buildActionMask = 2147483647;
			files = (
				AC9D28D71E36A2C5002C30A2 /* ViewController.swift in Sources */,
				AC9D28D51E36A2C5002C30A2 /* AppDelegate.swift in Sources */,
			);
			runOnlyForDeploymentPostprocessing = 0;
		};
		AC9D28E11E36A2C5002C30A2 /* Sources */ = {
			isa = PBXSourcesBuildPhase;
			buildActionMask = 2147483647;
			files = (
				AC9D28EA1E36A2C5002C30A2 /* tanx_a1Tests.swift in Sources */,
			);
			runOnlyForDeploymentPostprocessing = 0;
		};
		AC9D28EC1E36A2C5002C30A2 /* Sources */ = {
			isa = PBXSourcesBuildPhase;
			buildActionMask = 2147483647;
			files = (
				AC9D28F51E36A2C5002C30A2 /* tanx_a1UITests.swift in Sources */,
			);
			runOnlyForDeploymentPostprocessing = 0;
		};
/* End PBXSourcesBuildPhase section */

/* Begin PBXTargetDependency section */
		AC9D28E71E36A2C5002C30A2 /* PBXTargetDependency */ = {
			isa = PBXTargetDependency;
			target = AC9D28D01E36A2C5002C30A2 /* tanx_a1 */;
			targetProxy = AC9D28E61E36A2C5002C30A2 /* PBXContainerItemProxy */;
		};
		AC9D28F21E36A2C5002C30A2 /* PBXTargetDependency */ = {
			isa = PBXTargetDependency;
			target = AC9D28D01E36A2C5002C30A2 /* tanx_a1 */;
			targetProxy = AC9D28F11E36A2C5002C30A2 /* PBXContainerItemProxy */;
		};
/* End PBXTargetDependency section */

/* Begin PBXVariantGroup section */
		AC9D28D81E36A2C5002C30A2 /* Main.storyboard */ = {
			isa = PBXVariantGroup;
			children = (
				AC9D28D91E36A2C5002C30A2 /* Base */,
			);
			name = Main.storyboard;
			sourceTree = "<group>";
		};
		AC9D28DD1E36A2C5002C30A2 /* LaunchScreen.storyboard */ = {
			isa = PBXVariantGroup;
			children = (
				AC9D28DE1E36A2C5002C30A2 /* Base */,
			);
			name = LaunchScreen.storyboard;
			sourceTree = "<group>";
		};
/* End PBXVariantGroup section */

/* Begin XCBuildConfiguration section */
		AC9D28F71E36A2C5002C30A2 /* Debug */ = {
			isa = XCBuildConfiguration;
			buildSettings = {
				ALWAYS_SEARCH_USER_PATHS = NO;
				CLANG_CXX_LANGUAGE_STANDARD = "gnu++0x";
				CLANG_CXX_LIBRARY = "libc++";
				CLANG_ENABLE_MODULES = YES;
				CLANG_ENABLE_OBJC_ARC = YES;
				CLANG_WARN_BOOL_CONVERSION = YES;
				CLANG_WARN_CONSTANT_CONVERSION = YES;
				CLANG_WARN_DIRECT_OBJC_ISA_USAGE = YES_ERROR;
				CLANG_WARN_EMPTY_BODY = YES;
				CLANG_WARN_ENUM_CONVERSION = YES;
				CLANG_WARN_INT_CONVERSION = YES;
				CLANG_WARN_OBJC_ROOT_CLASS = YES_ERROR;
				CLANG_WARN_UNREACHABLE_CODE = YES;
				CLANG_WARN__DUPLICATE_METHOD_MATCH = YES;
				"CODE_SIGN_IDENTITY[sdk=iphoneos*]" = "iPhone Developer";
				COPY_PHASE_STRIP = NO;
				DEBUG_INFORMATION_FORMAT = dwarf;
				ENABLE_STRICT_OBJC_MSGSEND = YES;
				ENABLE_TESTABILITY = YES;
				GCC_C_LANGUAGE_STANDARD = gnu99;
				GCC_DYNAMIC_NO_PIC = NO;
				GCC_NO_COMMON_BLOCKS = YES;
				GCC_OPTIMIZATION_LEVEL = 0;
				GCC_PREPROCESSOR_DEFINITIONS = (
					"DEBUG=1",
					"$(inherited)",
				);
				GCC_WARN_64_TO_32_BIT_CONVERSION = YES;
				GCC_WARN_ABOUT_RETURN_TYPE = YES_ERROR;
				GCC_WARN_UNDECLARED_SELECTOR = YES;
				GCC_WARN_UNINITIALIZED_AUTOS = YES_AGGRESSIVE;
				GCC_WARN_UNUSED_FUNCTION = YES;
				GCC_WARN_UNUSED_VARIABLE = YES;
				IPHONEOS_DEPLOYMENT_TARGET = 9.2;
				MTL_ENABLE_DEBUG_INFO = YES;
				ONLY_ACTIVE_ARCH = YES;
				SDKROOT = iphoneos;
				SWIFT_OPTIMIZATION_LEVEL = "-Onone";
				TARGETED_DEVICE_FAMILY = "1,2";
			};
			name = Debug;
		};
		AC9D28F81E36A2C5002C30A2 /* Release */ = {
			isa = XCBuildConfiguration;
			buildSettings = {
				ALWAYS_SEARCH_USER_PATHS = NO;
				CLANG_CXX_LANGUAGE_STANDARD = "gnu++0x";
				CLANG_CXX_LIBRARY = "libc++";
				CLANG_ENABLE_MODULES = YES;
				CLANG_ENABLE_OBJC_ARC = YES;
				CLANG_WARN_BOOL_CONVERSION = YES;
				CLANG_WARN_CONSTANT_CONVERSION = YES;
				CLANG_WARN_DIRECT_OBJC_ISA_USAGE = YES_ERROR;
				CLANG_WARN_EMPTY_BODY = YES;
				CLANG_WARN_ENUM_CONVERSION = YES;
				CLANG_WARN_INT_CONVERSION = YES;
				CLANG_WARN_OBJC_ROOT_CLASS = YES_ERROR;
				CLANG_WARN_UNREACHABLE_CODE = YES;
				CLANG_WARN__DUPLICATE_METHOD_MATCH = YES;
				"CODE_SIGN_IDENTITY[sdk=iphoneos*]" = "iPhone Developer";
				COPY_PHASE_STRIP = NO;
				DEBUG_INFORMATION_FORMAT = "dwarf-with-dsym";
				ENABLE_NS_ASSERTIONS = NO;
				ENABLE_STRICT_OBJC_MSGSEND = YES;
				GCC_C_LANGUAGE_STANDARD = gnu99;
				GCC_NO_COMMON_BLOCKS = YES;
				GCC_WARN_64_TO_32_BIT_CONVERSION = YES;
				GCC_WARN_ABOUT_RETURN_TYPE = YES_ERROR;
				GCC_WARN_UNDECLARED_SELECTOR = YES;
				GCC_WARN_UNINITIALIZED_AUTOS = YES_AGGRESSIVE;
				GCC_WARN_UNUSED_FUNCTION = YES;
				GCC_WARN_UNUSED_VARIABLE = YES;
				IPHONEOS_DEPLOYMENT_TARGET = 9.2;
				MTL_ENABLE_DEBUG_INFO = NO;
				SDKROOT = iphoneos;
				TARGETED_DEVICE_FAMILY = "1,2";
				VALIDATE_PRODUCT = YES;
			};
			name = Release;
		};
		AC9D28FA1E36A2C5002C30A2 /* Debug */ = {
			isa = XCBuildConfiguration;
			buildSettings = {
				ASSETCATALOG_COMPILER_APPICON_NAME = AppIcon;
				INFOPLIST_FILE = tanx_a1/Info.plist;
				LD_RUNPATH_SEARCH_PATHS = "$(inherited) @executable_path/Frameworks";
				PRODUCT_BUNDLE_IDENTIFIER = "ca.wlu.tanx-a1";
				PRODUCT_NAME = "$(TARGET_NAME)";
			};
			name = Debug;
		};
		AC9D28FB1E36A2C5002C30A2 /* Release */ = {
			isa = XCBuildConfiguration;
			buildSettings = {
				ASSETCATALOG_COMPILER_APPICON_NAME = AppIcon;
				INFOPLIST_FILE = tanx_a1/Info.plist;
				LD_RUNPATH_SEARCH_PATHS = "$(inherited) @executable_path/Frameworks";
				PRODUCT_BUNDLE_IDENTIFIER = "ca.wlu.tanx-a1";
				PRODUCT_NAME = "$(TARGET_NAME)";
			};
			name = Release;
		};
		AC9D28FD1E36A2C5002C30A2 /* Debug */ = {
			isa = XCBuildConfiguration;
			buildSettings = {
				BUNDLE_LOADER = "$(TEST_HOST)";
				INFOPLIST_FILE = tanx_a1Tests/Info.plist;
				LD_RUNPATH_SEARCH_PATHS = "$(inherited) @executable_path/Frameworks @loader_path/Frameworks";
				PRODUCT_BUNDLE_IDENTIFIER = "ca.wlu.tanx-a1Tests";
				PRODUCT_NAME = "$(TARGET_NAME)";
				TEST_HOST = "$(BUILT_PRODUCTS_DIR)/tanx_a1.app/tanx_a1";
			};
			name = Debug;
		};
		AC9D28FE1E36A2C5002C30A2 /* Release */ = {
			isa = XCBuildConfiguration;
			buildSettings = {
				BUNDLE_LOADER = "$(TEST_HOST)";
				INFOPLIST_FILE = tanx_a1Tests/Info.plist;
				LD_RUNPATH_SEARCH_PATHS = "$(inherited) @executable_path/Frameworks @loader_path/Frameworks";
				PRODUCT_BUNDLE_IDENTIFIER = "ca.wlu.tanx-a1Tests";
				PRODUCT_NAME = "$(TARGET_NAME)";
				TEST_HOST = "$(BUILT_PRODUCTS_DIR)/tanx_a1.app/tanx_a1";
			};
			name = Release;
		};
		AC9D29001E36A2C5002C30A2 /* Debug */ = {
			isa = XCBuildConfiguration;
			buildSettings = {
				INFOPLIST_FILE = tanx_a1UITests/Info.plist;
				LD_RUNPATH_SEARCH_PATHS = "$(inherited) @executable_path/Frameworks @loader_path/Frameworks";
				PRODUCT_BUNDLE_IDENTIFIER = "ca.wlu.tanx-a1UITests";
				PRODUCT_NAME = "$(TARGET_NAME)";
				TEST_TARGET_NAME = tanx_a1;
				USES_XCTRUNNER = YES;
			};
			name = Debug;
		};
		AC9D29011E36A2C5002C30A2 /* Release */ = {
			isa = XCBuildConfiguration;
			buildSettings = {
				INFOPLIST_FILE = tanx_a1UITests/Info.plist;
				LD_RUNPATH_SEARCH_PATHS = "$(inherited) @executable_path/Frameworks @loader_path/Frameworks";
				PRODUCT_BUNDLE_IDENTIFIER = "ca.wlu.tanx-a1UITests";
				PRODUCT_NAME = "$(TARGET_NAME)";
				TEST_TARGET_NAME = tanx_a1;
				USES_XCTRUNNER = YES;
			};
			name = Release;
		};
/* End XCBuildConfiguration section */

/* Begin XCConfigurationList section */
		AC9D28CC1E36A2C5002C30A2 /* Build configuration list for PBXProject "tanx_a1" */ = {
			isa = XCConfigurationList;
			buildConfigurations = (
				AC9D28F71E36A2C5002C30A2 /* Debug */,
				AC9D28F81E36A2C5002C30A2 /* Release */,
			);
			defaultConfigurationIsVisible = 0;
			defaultConfigurationName = Release;
		};
		AC9D28F91E36A2C5002C30A2 /* Build configuration list for PBXNativeTarget "tanx_a1" */ = {
			isa = XCConfigurationList;
			buildConfigurations = (
				AC9D28FA1E36A2C5002C30A2 /* Debug */,
				AC9D28FB1E36A2C5002C30A2 /* Release */,
			);
			defaultConfigurationIsVisible = 0;
		};
		AC9D28FC1E36A2C5002C30A2 /* Build configuration list for PBXNativeTarget "tanx_a1Tests" */ = {
			isa = XCConfigurationList;
			buildConfigurations = (
				AC9D28FD1E36A2C5002C30A2 /* Debug */,
				AC9D28FE1E36A2C5002C30A2 /* Release */,
			);
			defaultConfigurationIsVisible = 0;
		};
		AC9D28FF1E36A2C5002C30A2 /* Build configuration list for PBXNativeTarget "tanx_a1UITests" */ = {
			isa = XCConfigurationList;
			buildConfigurations = (
				AC9D29001E36A2C5002C30A2 /* Debug */,
				AC9D29011E36A2C5002C30A2 /* Release */,
			);
			defaultConfigurationIsVisible = 0;
		};
/* End XCConfigurationList section */
	};
	rootObject = AC9D28C91E36A2C5002C30A2 /* Project object */;
}
